
Microsoft Visual Studio Solution File, Format Version 12.00
# Visual Studio Version 17
VisualStudioVersion = 17.5.33627.172
MinimumVisualStudioVersion = 10.0.40219.1
Project("{FAE04EC0-301F-11D3-BF4B-00C04F79EFBC}") = "Malbolge", "Malbolge\Malbolge.csproj", "{2EC5E951-A066-45F4-BD0A-51FA3D9EDD31}"
EndProject
Global
	GlobalSection(SolutionConfigurationPlatforms) = preSolution
		Debug|Any CPU = Debug|Any CPU
		Release|Any CPU = Release|Any CPU
	EndGlobalSection
	GlobalSection(ProjectConfigurationPlatforms) = postSolution
		{2EC5E951-A066-45F4-BD0A-51FA3D9EDD31}.Debug|Any CPU.ActiveCfg = Debug|Any CPU
		{2EC5E951-A066-45F4-BD0A-51FA3D9EDD31}.Debug|Any CPU.Build.0 = Debug|Any CPU
		{2EC5E951-A066-45F4-BD0A-51FA3D9EDD31}.Release|Any CPU.ActiveCfg = Release|Any CPU
		{2EC5E951-A066-45F4-BD0A-51FA3D9EDD31}.Release|Any CPU.Build.0 = Release|Any CPU
	EndGlobalSection
	GlobalSection(SolutionProperties) = preSolution
		HideSolutionNode = FALSE
	EndGlobalSection
	GlobalSection(ExtensibilityGlobals) = postSolution
		SolutionGuid = {878AE535-F083-4E77-97BC-4F693AB889D3}
	EndGlobalSection
EndGlobal
